PODS:
  - Alamofire (5.2.2)
  - AppAuth (1.4.0):
    - AppAuth/Core (= 1.4.0)
    - AppAuth/ExternalUserAgent (= 1.4.0)
  - AppAuth/Core (1.4.0)
  - AppAuth/ExternalUserAgent (1.4.0)
  - FacebookSDK (11.2.1):
    - FacebookSDK/AEMKit (= 11.2.1)
    - FacebookSDK/Basics (= 11.2.1)
    - FacebookSDK/CoreKit (= 11.2.1)
    - FacebookSDK/LoginKit (= 11.2.1)
    - FacebookSDK/ShareKit (= 11.2.1)
    - FacebookSDK/TVOSKit (= 11.2.1)
  - FacebookSDK/AEMKit (11.2.1):
    - FacebookSDK/Basics
  - FacebookSDK/Basics (11.2.1)
  - Firebase/CoreOnly (8.10.0):
    - FirebaseCore (= 8.10.0)
  - Firebase/Crashlytics (8.10.0):
    - Firebase/CoreOnly
    - FirebaseCrashlytics (~> 8.10.0)
  - FirebaseCore (8.10.0):
    - FirebaseCoreDiagnostics (~> 8.0)
    - GoogleUtilities/Environment (~> 7.6)
    - GoogleUtilities/Logger (~> 7.6)
  - FirebaseCoreDiagnostics (8.10.0):
    - GoogleDataTransport (~> 9.1)
    - GoogleUtilities/Environment (~> 7.6)
    - GoogleUtilities/Logger (~> 7.6)
    - nanopb (~> 2.30908.0)
  - FirebaseCrashlytics (8.10.0):
    - FirebaseCore (~> 8.0)
    - FirebaseInstallations (~> 8.0)
    - GoogleDataTransport (~> 9.1)
    - GoogleUtilities/Environment (~> 7.6)
    - nanopb (~> 2.30908.0)
    - PromisesObjC (< 3.0, >= 1.2)
  - FirebaseInstallations (8.10.0):
    - FirebaseCore (~> 8.0)
    - GoogleUtilities/Environment (~> 7.6)
    - GoogleUtilities/UserDefaults (~> 7.6)
    - PromisesObjC (< 3.0, >= 1.2)
  - GoogleDataTransport (9.1.2):
    - GoogleUtilities/Environment (~> 7.2)
    - nanopb (~> 2.30908.0)
    - PromisesObjC (< 3.0, >= 1.2)
  - GoogleSignIn (5.0.2):
    - AppAuth (~> 1.2)
    - GTMAppAuth (~> 1.0)
    - GTMSessionFetcher/Core (~> 1.1)
  - GoogleUtilities/Environment (7.6.0):
    - PromisesObjC (< 3.0, >= 1.2)
  - GoogleUtilities/Logger (7.6.0):
    - GoogleUtilities/Environment
  - GoogleUtilities/UserDefaults (7.6.0):
    - GoogleUtilities/Logger
  - GTMAppAuth (1.2.2):
    - AppAuth/Core (~> 1.4)
    - GTMSessionFetcher/Core (~> 1.5)
  - GTMSessionFetcher/Core (1.7.0)
  - nanopb (2.30908.0):
    - nanopb/decode (= 2.30908.0)
    - nanopb/encode (= 2.30908.0)
  - nanopb/decode (2.30908.0)
  - nanopb/encode (2.30908.0)
  - PromisesObjC (2.0.0)
  - SDWebImage (4.4.3):
    - SDWebImage/Core (= 4.4.3)
  - SDWebImage/Core (4.4.3)
  - SwiftLint (0.45.1)
  - SwiftMaskTextfield (1.1.0)

DEPENDENCIES:
  - Alamofire (= 5.2.2)
  - FacebookSDK
  - Firebase/Crashlytics
  - GoogleSignIn (= 5.0.2)
  - SDWebImage (= 4.4.3)
  - SwiftLint
  - SwiftMaskTextfield (= 1.1.0)

SPEC REPOS:
  trunk:
    - Alamofire
    - AppAuth
    - FacebookSDK
    - Firebase
    - FirebaseCore
    - FirebaseCoreDiagnostics
    - FirebaseCrashlytics
    - FirebaseInstallations
    - GoogleDataTransport
    - GoogleSignIn
    - GoogleUtilities
    - GTMAppAuth
    - GTMSessionFetcher
    - nanopb
    - PromisesObjC
    - SDWebImage
    - SwiftLint
    - SwiftMaskTextfield

SPEC CHECKSUMS:
  Alamofire: 814429acc853c6c54ff123fc3d2ef66803823ce0
  AppAuth: 31bcec809a638d7bd2f86ea8a52bd45f6e81e7c7
  FacebookSDK: b9c123df2ed622faadd8b546632ae8048d1f9b28
  Firebase: 44213362f1dcc52555b935dc925ed35ac55f1b20
  FirebaseCore: 04186597c095da37d90ff9fd3e53bc61a1ff2440
  FirebaseCoreDiagnostics: 56fb7216d87e0e6ec2feddefa9d8a392fe8b2c18
  FirebaseCrashlytics: 3b7f17cdf5bf1ae6ad5956696a6c26edeb39cca7
  FirebaseInstallations: 830327b45345ffc859eaa9c17bcd5ae893fd5425
  GoogleDataTransport: 629c20a4d363167143f30ea78320d5a7eb8bd940
  GoogleSignIn: 7137d297ddc022a7e0aa4619c86d72c909fa7213
  GoogleUtilities: 684ee790a24f73ebb2d1d966e9711c203f2a4237
  GTMAppAuth: ad5c2b70b9a8689e1a04033c9369c4915bfcbe89
  GTMSessionFetcher: 43748f93435c2aa068b1cbe39655aaf600652e91
  nanopb: a0ba3315591a9ae0a16a309ee504766e90db0c96
  PromisesObjC: 68159ce6952d93e17b2dfe273b8c40907db5ba58
  SDWebImage: c5594f1a19c48d526d321e548902b56b479cd508
  SwiftLint: 06ac37e4d38c7068e0935bb30cda95f093bec761
  SwiftMaskTextfield: 8c792e56f25779939d1fd5cf6153ba439b1be761

PODFILE CHECKSUM: 2f07335ca56e90d7cd5e5b64003df5997ba01d41

COCOAPODS: 1.11.2
